
Microsoft Visual Studio Solution File, Format Version 12.00
# Visual Studio Version 17
VisualStudioVersion = 17.5.002.0
MinimumVisualStudioVersion = 10.0.40219.1
Project("{9A19103F-16F7-4668-BE54-9A1E7A4F7556}") = "SensorController.Tests", "SensorController.Tests\SensorController.Tests.csproj", "{2C4F28B7-E7AE-45FF-8C54-7376A9A03403}"
EndProject
Project("{9A19103F-16F7-4668-BE54-9A1E7A4F7556}") = "SensorController", "SensorController\SensorController.csproj", "{817604B6-792B-48FF-8DBB-32CBFD1E6E5F}"
EndProject
Global
	GlobalSection(SolutionConfigurationPlatforms) = preSolution
		Debug|Any CPU = Debug|Any CPU
		Release|Any CPU = Release|Any CPU
	EndGlobalSection
	GlobalSection(ProjectConfigurationPlatforms) = postSolution
		{2C4F28B7-E7AE-45FF-8C54-7376A9A03403}.Debug|Any CPU.ActiveCfg = Debug|Any CPU
		{2C4F28B7-E7AE-45FF-8C54-7376A9A03403}.Debug|Any CPU.Build.0 = Debug|Any CPU
		{2C4F28B7-E7AE-45FF-8C54-7376A9A03403}.Release|Any CPU.ActiveCfg = Release|Any CPU
		{2C4F28B7-E7AE-45FF-8C54-7376A9A03403}.Release|Any CPU.Build.0 = Release|Any CPU
		{817604B6-792B-48FF-8DBB-32CBFD1E6E5F}.Debug|Any CPU.ActiveCfg = Debug|Any CPU
		{817604B6-792B-48FF-8DBB-32CBFD1E6E5F}.Debug|Any CPU.Build.0 = Debug|Any CPU
		{817604B6-792B-48FF-8DBB-32CBFD1E6E5F}.Release|Any CPU.ActiveCfg = Release|Any CPU
		{817604B6-792B-48FF-8DBB-32CBFD1E6E5F}.Release|Any CPU.Build.0 = Release|Any CPU
	EndGlobalSection
	GlobalSection(SolutionProperties) = preSolution
		HideSolutionNode = FALSE
	EndGlobalSection
	GlobalSection(ExtensibilityGlobals) = postSolution
		SolutionGuid = {9C0C818F-47B9-4B09-8AAE-152E3DCDD811}
	EndGlobalSection
EndGlobal
